{
  "requires": true,
  "lockfileVersion": 1,
  "dependencies": {
    "dom7": {
      "version": "3.0.0-alpha.9",
      "resolved": "https://registry.npmjs.org/dom7/-/dom7-3.0.0-alpha.9.tgz",
      "integrity": "sha512-wTxPe1vJqLAy2PzAROh/n1PsRF/ZklAJyRIn9shm2dAQjP4JhjsgDKQ1YTbuzf1KVlqOlqYPmwupQExcB9jOUg==",
      "requires": {
        "ssr-window": "^3.0.0-alpha.1"
      }
    },
    "materialize-css": {
      "version": "1.0.0-rc.2",
      "resolved": "https://registry.npmjs.org/materialize-css/-/materialize-css-1.0.0-rc.2.tgz",
      "integrity": "sha512-FuQmSyq4Qv0ov7A2qXw0E6/jbQzSWx2P1pg2/XQDYTkkSc/GyiFAxu3fw9zgShwuTvyumEiw5jkxQWT9siqMBQ=="
    },
    "ssr-window": {
      "version": "3.0.0-alpha.4",
      "resolved": "https://registry.npmjs.org/ssr-window/-/ssr-window-3.0.0-alpha.4.tgz",
      "integrity": "sha512-+dBRP/pZ+VyITxTzD0lMDzDwN/BmfUl8xi2e6t5Nz4+FqUphfcBLB1OOUSYCRNFB25rD3c8AJRYpY5rHTbL+kg=="
    },
    "swiper": {
      "version": "6.3.3",
      "resolved": "https://registry.npmjs.org/swiper/-/swiper-6.3.3.tgz",
      "integrity": "sha512-SnG1weu2GhqKxuG4NTIA1A6OE9x3P/+d2DW6APLUgYNHm0ZgkAOxL/tEDubiHvgwqtaVaz6QWqkSbCaDYffSNg==",
      "requires": {
        "dom7": "^3.0.0-alpha.7",
        "ssr-window": "^3.0.0-alpha.4"
      }
    }
  }
}
